
Microsoft Visual Studio Solution File, Format Version 12.00
# Visual Studio Version 16
VisualStudioVersion = 16.0.30011.22
MinimumVisualStudioVersion = 10.0.40219.1
Project("{FAE04EC0-301F-11D3-BF4B-00C04F79EFBC}") = "mmix", "mmix.csproj", "{BFC88D56-D81E-434E-A277-B7984FD05E99}"
EndProject
Global
	GlobalSection(SolutionConfigurationPlatforms) = preSolution
		Debug|Any CPU = Debug|Any CPU
		Release|Any CPU = Release|Any CPU
	EndGlobalSection
	GlobalSection(ProjectConfigurationPlatforms) = postSolution
		{BFC88D56-D81E-434E-A277-B7984FD05E99}.Debug|Any CPU.ActiveCfg = Debug|Any CPU
		{BFC88D56-D81E-434E-A277-B7984FD05E99}.Debug|Any CPU.Build.0 = Debug|Any CPU
		{BFC88D56-D81E-434E-A277-B7984FD05E99}.Release|Any CPU.ActiveCfg = Release|Any CPU
		{BFC88D56-D81E-434E-A277-B7984FD05E99}.Release|Any CPU.Build.0 = Release|Any CPU
	EndGlobalSection
	GlobalSection(SolutionProperties) = preSolution
		HideSolutionNode = FALSE
	EndGlobalSection
	GlobalSection(ExtensibilityGlobals) = postSolution
		SolutionGuid = {DCADDE89-4D7D-4C67-B7F7-7CD538E0CB88}
	EndGlobalSection
EndGlobal
